{
  "name": "nlw-return",
  "lockfileVersion": 2,
  "requires": true,
  "packages": {
    "": {
      "dependencies": {
        "@types/react-native": "^0.67.6"
      }
    },
    "node_modules/@types/prop-types": {
      "version": "15.7.5",
      "license": "MIT"
    },
    "node_modules/@types/react": {
      "version": "18.0.8",
      "license": "MIT",
      "dependencies": {
        "@types/prop-types": "*",
        "@types/scheduler": "*",
        "csstype": "^3.0.2"
      }
    },
    "node_modules/@types/react-native": {
      "version": "0.67.6",
      "resolved": "https://registry.npmjs.org/@types/react-native/-/react-native-0.67.6.tgz",
      "integrity": "sha512-NM6atxrefIXMLE/PyQ1bIQjQ/lWLdls3uVxItzKvNUUVZlGqgn/uGN4MarM9quSf90uSqJYPIAeAgTtBTUjhgg==",
      "dependencies": {
        "@types/react": "*"
      }
    },
    "node_modules/@types/scheduler": {
      "version": "0.16.2",
      "license": "MIT"
    },
    "node_modules/csstype": {
      "version": "3.0.11",
      "license": "MIT"
    }
  },
  "dependencies": {
    "@types/prop-types": {
      "version": "15.7.5"
    },
    "@types/react": {
      "version": "18.0.8",
      "requires": {
        "@types/prop-types": "*",
        "@types/scheduler": "*",
        "csstype": "^3.0.2"
      }
    },
    "@types/react-native": {
      "version": "0.67.6",
      "resolved": "https://registry.npmjs.org/@types/react-native/-/react-native-0.67.6.tgz",
      "integrity": "sha512-NM6atxrefIXMLE/PyQ1bIQjQ/lWLdls3uVxItzKvNUUVZlGqgn/uGN4MarM9quSf90uSqJYPIAeAgTtBTUjhgg==",
      "requires": {
        "@types/react": "*"
      }
    },
    "@types/scheduler": {
      "version": "0.16.2"
    },
    "csstype": {
      "version": "3.0.11"
    }
  }
}
